
Microsoft Visual Studio Solution File, Format Version 12.00
# Visual Studio Version 16
VisualStudioVersion = 16.0.30717.126
MinimumVisualStudioVersion = 10.0.40219.1
Project("{8BC9CEB8-8B4A-11D0-8D11-00A0C91BC942}") = "OctopathBossRandomizerRefactored", "OctopathBossRandomizer\OctopathBossRandomizerRefactored.vcxproj", "{12B49DC5-DDB9-4C1C-A340-05E55C629676}"
EndProject
Global
	GlobalSection(SolutionConfigurationPlatforms) = preSolution
		Debug|x64 = Debug|x64
		Debug|x86 = Debug|x86
		Release|x64 = Release|x64
		Release|x86 = Release|x86
	EndGlobalSection
	GlobalSection(ProjectConfigurationPlatforms) = postSolution
		{12B49DC5-DDB9-4C1C-A340-05E55C629676}.Debug|x64.ActiveCfg = Debug|x64
		{12B49DC5-DDB9-4C1C-A340-05E55C629676}.Debug|x64.Build.0 = Debug|x64
		{12B49DC5-DDB9-4C1C-A340-05E55C629676}.Debug|x86.ActiveCfg = Debug|Win32
		{12B49DC5-DDB9-4C1C-A340-05E55C629676}.Debug|x86.Build.0 = Debug|Win32
		{12B49DC5-DDB9-4C1C-A340-05E55C629676}.Release|x64.ActiveCfg = Release|x64
		{12B49DC5-DDB9-4C1C-A340-05E55C629676}.Release|x64.Build.0 = Release|x64
		{12B49DC5-DDB9-4C1C-A340-05E55C629676}.Release|x86.ActiveCfg = Release|Win32
		{12B49DC5-DDB9-4C1C-A340-05E55C629676}.Release|x86.Build.0 = Release|Win32
	EndGlobalSection
	GlobalSection(SolutionProperties) = preSolution
		HideSolutionNode = FALSE
	EndGlobalSection
	GlobalSection(ExtensibilityGlobals) = postSolution
		SolutionGuid = {4DEB9B58-CB19-4F86-863C-34F061605CB1}
	EndGlobalSection
EndGlobal
